
Microsoft Visual Studio Solution File, Format Version 12.00
Project("{FAE04EC0-301F-11D3-BF4B-00C04F79EFBC}") = "TP0", "TP0\TP0.csproj", "{D59AD37C-8A77-4BCC-925B-F0AC051A67F9}"
EndProject
Global
	GlobalSection(SolutionConfigurationPlatforms) = preSolution
		Debug|Any CPU = Debug|Any CPU
		Release|Any CPU = Release|Any CPU
	EndGlobalSection
	GlobalSection(ProjectConfigurationPlatforms) = postSolution
		{D59AD37C-8A77-4BCC-925B-F0AC051A67F9}.Debug|Any CPU.ActiveCfg = Debug|Any CPU
		{D59AD37C-8A77-4BCC-925B-F0AC051A67F9}.Debug|Any CPU.Build.0 = Debug|Any CPU
		{D59AD37C-8A77-4BCC-925B-F0AC051A67F9}.Release|Any CPU.ActiveCfg = Release|Any CPU
		{D59AD37C-8A77-4BCC-925B-F0AC051A67F9}.Release|Any CPU.Build.0 = Release|Any CPU
	EndGlobalSection
EndGlobal
