
Microsoft Visual Studio Solution File, Format Version 12.00
Project("{FAE04EC0-301F-11D3-BF4B-00C04F79EFBC}") = "TP2", "TP2.csproj", "{45A0200D-2726-4DCA-9F50-293B7599B1E7}"
EndProject
Global
	GlobalSection(SolutionConfigurationPlatforms) = preSolution
		Debug|Any CPU = Debug|Any CPU
		Release|Any CPU = Release|Any CPU
	EndGlobalSection
	GlobalSection(ProjectConfigurationPlatforms) = postSolution
		{45A0200D-2726-4DCA-9F50-293B7599B1E7}.Debug|Any CPU.ActiveCfg = Debug|Any CPU
		{45A0200D-2726-4DCA-9F50-293B7599B1E7}.Debug|Any CPU.Build.0 = Debug|Any CPU
		{45A0200D-2726-4DCA-9F50-293B7599B1E7}.Release|Any CPU.ActiveCfg = Release|Any CPU
		{45A0200D-2726-4DCA-9F50-293B7599B1E7}.Release|Any CPU.Build.0 = Release|Any CPU
	EndGlobalSection
EndGlobal
